// !$*UTF8*$!
{
	archiveVersion = 1;
	classes = {
	};
	objectVersion = 55;
	objects = {

/* Begin PBXBuildFile section */
		124974460F6F79D59131B946 /* Pods_Messanger.framework in Frameworks */ = {isa = PBXBuildFile; fileRef = 128827310F3F3D713817E566 /* Pods_Messanger.framework */; };
		68B7134428014BDE00D346B3 /* GoogleService-Info.plist in Resources */ = {isa = PBXBuildFile; fileRef = 68B7134328014BDE00D346B3 /* GoogleService-Info.plist */; };
		68B7134628026A9D00D346B3 /* DatabaseManager.swift in Sources */ = {isa = PBXBuildFile; fileRef = 68B7134528026A9D00D346B3 /* DatabaseManager.swift */; };
		68F9897227FEFD3400417E98 /* AppDelegate.swift in Sources */ = {isa = PBXBuildFile; fileRef = 68F9897127FEFD3400417E98 /* AppDelegate.swift */; };
		68F9897427FEFD3400417E98 /* SceneDelegate.swift in Sources */ = {isa = PBXBuildFile; fileRef = 68F9897327FEFD3400417E98 /* SceneDelegate.swift */; };
		68F9897627FEFD3400417E98 /* ConversationsViewController.swift in Sources */ = {isa = PBXBuildFile; fileRef = 68F9897527FEFD3400417E98 /* ConversationsViewController.swift */; };
		68F9897927FEFD3400417E98 /* Main.storyboard in Resources */ = {isa = PBXBuildFile; fileRef = 68F9897727FEFD3400417E98 /* Main.storyboard */; };
		68F9897B27FEFD3700417E98 /* Assets.xcassets in Resources */ = {isa = PBXBuildFile; fileRef = 68F9897A27FEFD3700417E98 /* Assets.xcassets */; };
		68F9897E27FEFD3700417E98 /* LaunchScreen.storyboard in Resources */ = {isa = PBXBuildFile; fileRef = 68F9897C27FEFD3700417E98 /* LaunchScreen.storyboard */; };
		68F9898C27FF028800417E98 /* LoginViewController.swift in Sources */ = {isa = PBXBuildFile; fileRef = 68F9898B27FF028800417E98 /* LoginViewController.swift */; };
		68F9898E27FF029300417E98 /* ResisterViewController.swift in Sources */ = {isa = PBXBuildFile; fileRef = 68F9898D27FF029300417E98 /* ResisterViewController.swift */; };
		68F9899027FF02B900417E98 /* PhotoViewerViewController.swift in Sources */ = {isa = PBXBuildFile; fileRef = 68F9898F27FF02B900417E98 /* PhotoViewerViewController.swift */; };
		68F9899227FF02CF00417E98 /* VideoPlayerViewController.swift in Sources */ = {isa = PBXBuildFile; fileRef = 68F9899127FF02CF00417E98 /* VideoPlayerViewController.swift */; };
		68F9899427FF02E700417E98 /* NewConversationViewController.swift in Sources */ = {isa = PBXBuildFile; fileRef = 68F9899327FF02E700417E98 /* NewConversationViewController.swift */; };
		68F9899627FF02F800417E98 /* ProfileViewController.swift in Sources */ = {isa = PBXBuildFile; fileRef = 68F9899527FF02F800417E98 /* ProfileViewController.swift */; };
		68F9899B27FFF15800417E98 /* Extensions.swift in Sources */ = {isa = PBXBuildFile; fileRef = 68F9899A27FFF15800417E98 /* Extensions.swift */; };
/* End PBXBuildFile section */

/* Begin PBXFileReference section */
		02D54A855A28883A98A2F4EC /* Pods-Messanger.debug.xcconfig */ = {isa = PBXFileReference; includeInIndex = 1; lastKnownFileType = text.xcconfig; name = "Pods-Messanger.debug.xcconfig"; path = "Target Support Files/Pods-Messanger/Pods-Messanger.debug.xcconfig"; sourceTree = "<group>"; };
		128827310F3F3D713817E566 /* Pods_Messanger.framework */ = {isa = PBXFileReference; explicitFileType = wrapper.framework; includeInIndex = 0; path = Pods_Messanger.framework; sourceTree = BUILT_PRODUCTS_DIR; };
		68B7134328014BDE00D346B3 /* GoogleService-Info.plist */ = {isa = PBXFileReference; fileEncoding = 4; lastKnownFileType = text.plist.xml; path = "GoogleService-Info.plist"; sourceTree = "<group>"; };
		68B7134528026A9D00D346B3 /* DatabaseManager.swift */ = {isa = PBXFileReference; lastKnownFileType = sourcecode.swift; path = DatabaseManager.swift; sourceTree = "<group>"; };
		68F9896E27FEFD3400417E98 /* Messanger.app */ = {isa = PBXFileReference; explicitFileType = wrapper.application; includeInIndex = 0; path = Messanger.app; sourceTree = BUILT_PRODUCTS_DIR; };
		68F9897127FEFD3400417E98 /* AppDelegate.swift */ = {isa = PBXFileReference; lastKnownFileType = sourcecode.swift; path = AppDelegate.swift; sourceTree = "<group>"; };
		68F9897327FEFD3400417E98 /* SceneDelegate.swift */ = {isa = PBXFileReference; lastKnownFileType = sourcecode.swift; path = SceneDelegate.swift; sourceTree = "<group>"; };
		68F9897527FEFD3400417E98 /* ConversationsViewController.swift */ = {isa = PBXFileReference; lastKnownFileType = sourcecode.swift; path = ConversationsViewController.swift; sourceTree = "<group>"; };
		68F9897827FEFD3400417E98 /* Base */ = {isa = PBXFileReference; lastKnownFileType = file.storyboard; name = Base; path = Base.lproj/Main.storyboard; sourceTree = "<group>"; };
		68F9897A27FEFD3700417E98 /* Assets.xcassets */ = {isa = PBXFileReference; lastKnownFileType = folder.assetcatalog; path = Assets.xcassets; sourceTree = "<group>"; };
		68F9897D27FEFD3700417E98 /* Base */ = {isa = PBXFileReference; lastKnownFileType = file.storyboard; name = Base; path = Base.lproj/LaunchScreen.storyboard; sourceTree = "<group>"; };
		68F9897F27FEFD3700417E98 /* Info.plist */ = {isa = PBXFileReference; lastKnownFileType = text.plist.xml; path = Info.plist; sourceTree = "<group>"; };
		68F9898B27FF028800417E98 /* LoginViewController.swift */ = {isa = PBXFileReference; lastKnownFileType = sourcecode.swift; path = LoginViewController.swift; sourceTree = "<group>"; };
		68F9898D27FF029300417E98 /* ResisterViewController.swift */ = {isa = PBXFileReference; lastKnownFileType = sourcecode.swift; path = ResisterViewController.swift; sourceTree = "<group>"; };
		68F9898F27FF02B900417E98 /* PhotoViewerViewController.swift */ = {isa = PBXFileReference; lastKnownFileType = sourcecode.swift; path = PhotoViewerViewController.swift; sourceTree = "<group>"; };
		68F9899127FF02CF00417E98 /* VideoPlayerViewController.swift */ = {isa = PBXFileReference; lastKnownFileType = sourcecode.swift; path = VideoPlayerViewController.swift; sourceTree = "<group>"; };
		68F9899327FF02E700417E98 /* NewConversationViewController.swift */ = {isa = PBXFileReference; lastKnownFileType = sourcecode.swift; path = NewConversationViewController.swift; sourceTree = "<group>"; };
		68F9899527FF02F800417E98 /* ProfileViewController.swift */ = {isa = PBXFileReference; lastKnownFileType = sourcecode.swift; path = ProfileViewController.swift; sourceTree = "<group>"; };
		68F9899A27FFF15800417E98 /* Extensions.swift */ = {isa = PBXFileReference; lastKnownFileType = sourcecode.swift; path = Extensions.swift; sourceTree = "<group>"; };
		FBED21471598AB212CA0F628 /* Pods-Messanger.release.xcconfig */ = {isa = PBXFileReference; includeInIndex = 1; lastKnownFileType = text.xcconfig; name = "Pods-Messanger.release.xcconfig"; path = "Target Support Files/Pods-Messanger/Pods-Messanger.release.xcconfig"; sourceTree = "<group>"; };
/* End PBXFileReference section */

/* Begin PBXFrameworksBuildPhase section */
		68F9896B27FEFD3400417E98 /* Frameworks */ = {
			isa = PBXFrameworksBuildPhase;
			buildActionMask = 2147483647;
			files = (
				124974460F6F79D59131B946 /* Pods_Messanger.framework in Frameworks */,
			);
			runOnlyForDeploymentPostprocessing = 0;
		};
/* End PBXFrameworksBuildPhase section */

/* Begin PBXGroup section */
		1C523FF6AE6A3963878083DF /* Frameworks */ = {
			isa = PBXGroup;
			children = (
				128827310F3F3D713817E566 /* Pods_Messanger.framework */,
			);
			name = Frameworks;
			sourceTree = "<group>";
		};
		68F9896527FEFD3400417E98 = {
			isa = PBXGroup;
			children = (
				68F9897027FEFD3400417E98 /* Messanger */,
				68F9896F27FEFD3400417E98 /* Products */,
				8C399306E2E7B9F36EB8776D /* Pods */,
				1C523FF6AE6A3963878083DF /* Frameworks */,
			);
			sourceTree = "<group>";
		};
		68F9896F27FEFD3400417E98 /* Products */ = {
			isa = PBXGroup;
			children = (
				68F9896E27FEFD3400417E98 /* Messanger.app */,
			);
			name = Products;
			sourceTree = "<group>";
		};
		68F9897027FEFD3400417E98 /* Messanger */ = {
			isa = PBXGroup;
			children = (
				68B7134328014BDE00D346B3 /* GoogleService-Info.plist */,
				68F9898927FF015F00417E98 /* Resources */,
				68F9898827FF015500417E98 /* ViewModels */,
				68F9898727FF014F00417E98 /* Models */,
				68F9898627FF014300417E98 /* Views */,
				68F9898527FF013100417E98 /* Controllers */,
				68F9897F27FEFD3700417E98 /* Info.plist */,
			);
			path = Messanger;
			sourceTree = "<group>";
		};
		68F9898527FF013100417E98 /* Controllers */ = {
			isa = PBXGroup;
			children = (
				68F9897527FEFD3400417E98 /* ConversationsViewController.swift */,
				68F9899727FF040A00417E98 /* Login */,
				68F9898F27FF02B900417E98 /* PhotoViewerViewController.swift */,
				68F9899127FF02CF00417E98 /* VideoPlayerViewController.swift */,
				68F9899327FF02E700417E98 /* NewConversationViewController.swift */,
				68F9899527FF02F800417E98 /* ProfileViewController.swift */,
			);
			path = Controllers;
			sourceTree = "<group>";
		};
		68F9898627FF014300417E98 /* Views */ = {
			isa = PBXGroup;
			children = (
				68F9898A27FF018C00417E98 /* storyboards */,
				68F9897A27FEFD3700417E98 /* Assets.xcassets */,
			);
			path = Views;
			sourceTree = "<group>";
		};
		68F9898727FF014F00417E98 /* Models */ = {
			isa = PBXGroup;
			children = (
			);
			path = Models;
			sourceTree = "<group>";
		};
		68F9898827FF015500417E98 /* ViewModels */ = {
			isa = PBXGroup;
			children = (
			);
			path = ViewModels;
			sourceTree = "<group>";
		};
		68F9898927FF015F00417E98 /* Resources */ = {
			isa = PBXGroup;
			children = (
				68F9897127FEFD3400417E98 /* AppDelegate.swift */,
				68F9897327FEFD3400417E98 /* SceneDelegate.swift */,
				68F9899A27FFF15800417E98 /* Extensions.swift */,
				68B7134528026A9D00D346B3 /* DatabaseManager.swift */,
			);
			path = Resources;
			sourceTree = "<group>";
		};
		68F9898A27FF018C00417E98 /* storyboards */ = {
			isa = PBXGroup;
			children = (
				68F9897727FEFD3400417E98 /* Main.storyboard */,
				68F9897C27FEFD3700417E98 /* LaunchScreen.storyboard */,
			);
			path = storyboards;
			sourceTree = "<group>";
		};
		68F9899727FF040A00417E98 /* Login */ = {
			isa = PBXGroup;
			children = (
				68F9898B27FF028800417E98 /* LoginViewController.swift */,
				68F9898D27FF029300417E98 /* ResisterViewController.swift */,
			);
			path = Login;
			sourceTree = "<group>";
		};
		8C399306E2E7B9F36EB8776D /* Pods */ = {
			isa = PBXGroup;
			children = (
				02D54A855A28883A98A2F4EC /* Pods-Messanger.debug.xcconfig */,
				FBED21471598AB212CA0F628 /* Pods-Messanger.release.xcconfig */,
			);
			path = Pods;
			sourceTree = "<group>";
		};
/* End PBXGroup section */

/* Begin PBXNativeTarget section */
		68F9896D27FEFD3400417E98 /* Messanger */ = {
			isa = PBXNativeTarget;
			buildConfigurationList = 68F9898227FEFD3700417E98 /* Build configuration list for PBXNativeTarget "Messanger" */;
			buildPhases = (
				8FE83C0F2BF55B77C3830F3A /* [CP] Check Pods Manifest.lock */,
				68F9896A27FEFD3400417E98 /* Sources */,
				68F9896B27FEFD3400417E98 /* Frameworks */,
				68F9896C27FEFD3400417E98 /* Resources */,
				4DF13A46FA7397EB9B5AFC23 /* [CP] Embed Pods Frameworks */,
				40B78089188A02081E4C431C /* [CP] Copy Pods Resources */,
			);
			buildRules = (
			);
			dependencies = (
			);
			name = Messanger;
			productName = Messanger;
			productReference = 68F9896E27FEFD3400417E98 /* Messanger.app */;
			productType = "com.apple.product-type.application";
		};
/* End PBXNativeTarget section */

/* Begin PBXProject section */
		68F9896627FEFD3400417E98 /* Project object */ = {
			isa = PBXProject;
			attributes = {
				BuildIndependentTargetsInParallel = 1;
				LastSwiftUpdateCheck = 1330;
				LastUpgradeCheck = 1330;
				TargetAttributes = {
					68F9896D27FEFD3400417E98 = {
						CreatedOnToolsVersion = 13.3;
					};
				};
			};
			buildConfigurationList = 68F9896927FEFD3400417E98 /* Build configuration list for PBXProject "Messanger" */;
			compatibilityVersion = "Xcode 13.0";
			developmentRegion = en;
			hasScannedForEncodings = 0;
			knownRegions = (
				en,
				Base,
			);
			mainGroup = 68F9896527FEFD3400417E98;
			productRefGroup = 68F9896F27FEFD3400417E98 /* Products */;
			projectDirPath = "";
			projectRoot = "";
			targets = (
				68F9896D27FEFD3400417E98 /* Messanger */,
			);
		};
/* End PBXProject section */

/* Begin PBXResourcesBuildPhase section */
		68F9896C27FEFD3400417E98 /* Resources */ = {
			isa = PBXResourcesBuildPhase;
			buildActionMask = 2147483647;
			files = (
				68F9897E27FEFD3700417E98 /* LaunchScreen.storyboard in Resources */,
				68B7134428014BDE00D346B3 /* GoogleService-Info.plist in Resources */,
				68F9897B27FEFD3700417E98 /* Assets.xcassets in Resources */,
				68F9897927FEFD3400417E98 /* Main.storyboard in Resources */,
			);
			runOnlyForDeploymentPostprocessing = 0;
		};
/* End PBXResourcesBuildPhase section */

/* Begin PBXShellScriptBuildPhase section */
		40B78089188A02081E4C431C /* [CP] Copy Pods Resources */ = {
			isa = PBXShellScriptBuildPhase;
			buildActionMask = 2147483647;
			files = (
			);
			inputFileListPaths = (
				"${PODS_ROOT}/Target Support Files/Pods-Messanger/Pods-Messanger-resources-${CONFIGURATION}-input-files.xcfilelist",
			);
			name = "[CP] Copy Pods Resources";
			outputFileListPaths = (
				"${PODS_ROOT}/Target Support Files/Pods-Messanger/Pods-Messanger-resources-${CONFIGURATION}-output-files.xcfilelist",
			);
			runOnlyForDeploymentPostprocessing = 0;
			shellPath = /bin/sh;
			shellScript = "\"${PODS_ROOT}/Target Support Files/Pods-Messanger/Pods-Messanger-resources.sh\"\n";
			showEnvVarsInLog = 0;
		};
		4DF13A46FA7397EB9B5AFC23 /* [CP] Embed Pods Frameworks */ = {
			isa = PBXShellScriptBuildPhase;
			buildActionMask = 2147483647;
			files = (
			);
			inputFileListPaths = (
				"${PODS_ROOT}/Target Support Files/Pods-Messanger/Pods-Messanger-frameworks-${CONFIGURATION}-input-files.xcfilelist",
			);
			name = "[CP] Embed Pods Frameworks";
			outputFileListPaths = (
				"${PODS_ROOT}/Target Support Files/Pods-Messanger/Pods-Messanger-frameworks-${CONFIGURATION}-output-files.xcfilelist",
			);
			runOnlyForDeploymentPostprocessing = 0;
			shellPath = /bin/sh;
			shellScript = "\"${PODS_ROOT}/Target Support Files/Pods-Messanger/Pods-Messanger-frameworks.sh\"\n";
			showEnvVarsInLog = 0;
		};
		8FE83C0F2BF55B77C3830F3A /* [CP] Check Pods Manifest.lock */ = {
			isa = PBXShellScriptBuildPhase;
			buildActionMask = 2147483647;
			files = (
			);
			inputFileListPaths = (
			);
			inputPaths = (
				"${PODS_PODFILE_DIR_PATH}/Podfile.lock",
				"${PODS_ROOT}/Manifest.lock",
			);
			name = "[CP] Check Pods Manifest.lock";
			outputFileListPaths = (
			);
			outputPaths = (
				"$(DERIVED_FILE_DIR)/Pods-Messanger-checkManifestLockResult.txt",
			);
			runOnlyForDeploymentPostprocessing = 0;
			shellPath = /bin/sh;
			shellScript = "diff \"${PODS_PODFILE_DIR_PATH}/Podfile.lock\" \"${PODS_ROOT}/Manifest.lock\" > /dev/null\nif [ $? != 0 ] ; then\n    # print error to STDERR\n    echo \"error: The sandbox is not in sync with the Podfile.lock. Run 'pod install' or update your CocoaPods installation.\" >&2\n    exit 1\nfi\n# This output is used by Xcode 'outputs' to avoid re-running this script phase.\necho \"SUCCESS\" > \"${SCRIPT_OUTPUT_FILE_0}\"\n";
			showEnvVarsInLog = 0;
		};
/* End PBXShellScriptBuildPhase section */

/* Begin PBXSourcesBuildPhase section */
		68F9896A27FEFD3400417E98 /* Sources */ = {
			isa = PBXSourcesBuildPhase;
			buildActionMask = 2147483647;
			files = (
				68F9898C27FF028800417E98 /* LoginViewController.swift in Sources */,
				68B7134628026A9D00D346B3 /* DatabaseManager.swift in Sources */,
				68F9897627FEFD3400417E98 /* ConversationsViewController.swift in Sources */,
				68F9899427FF02E700417E98 /* NewConversationViewController.swift in Sources */,
				68F9897227FEFD3400417E98 /* AppDelegate.swift in Sources */,
				68F9899227FF02CF00417E98 /* VideoPlayerViewController.swift in Sources */,
				68F9898E27FF029300417E98 /* ResisterViewController.swift in Sources */,
				68F9899627FF02F800417E98 /* ProfileViewController.swift in Sources */,
				68F9897427FEFD3400417E98 /* SceneDelegate.swift in Sources */,
				68F9899B27FFF15800417E98 /* Extensions.swift in Sources */,
				68F9899027FF02B900417E98 /* PhotoViewerViewController.swift in Sources */,
			);
			runOnlyForDeploymentPostprocessing = 0;
		};
/* End PBXSourcesBuildPhase section */

/* Begin PBXVariantGroup section */
		68F9897727FEFD3400417E98 /* Main.storyboard */ = {
			isa = PBXVariantGroup;
			children = (
				68F9897827FEFD3400417E98 /* Base */,
			);
			name = Main.storyboard;
			sourceTree = "<group>";
		};
		68F9897C27FEFD3700417E98 /* LaunchScreen.storyboard */ = {
			isa = PBXVariantGroup;
			children = (
				68F9897D27FEFD3700417E98 /* Base */,
			);
			name = LaunchScreen.storyboard;
			sourceTree = "<group>";
		};
/* End PBXVariantGroup section */

/* Begin XCBuildConfiguration section */
		68F9898027FEFD3700417E98 /* Debug */ = {
			isa = XCBuildConfiguration;
			buildSettings = {
				ALWAYS_SEARCH_USER_PATHS = NO;
				CLANG_ANALYZER_NONNULL = YES;
				CLANG_ANALYZER_NUMBER_OBJECT_CONVERSION = YES_AGGRESSIVE;
				CLANG_CXX_LANGUAGE_STANDARD = "gnu++17";
				CLANG_ENABLE_MODULES = YES;
				CLANG_ENABLE_OBJC_ARC = YES;
				CLANG_ENABLE_OBJC_WEAK = YES;
				CLANG_WARN_BLOCK_CAPTURE_AUTORELEASING = YES;
				CLANG_WARN_BOOL_CONVERSION = YES;
				CLANG_WARN_COMMA = YES;
				CLANG_WARN_CONSTANT_CONVERSION = YES;
				CLANG_WARN_DEPRECATED_OBJC_IMPLEMENTATIONS = YES;
				CLANG_WARN_DIRECT_OBJC_ISA_USAGE = YES_ERROR;
				CLANG_WARN_DOCUMENTATION_COMMENTS = YES;
				CLANG_WARN_EMPTY_BODY = YES;
				CLANG_WARN_ENUM_CONVERSION = YES;
				CLANG_WARN_INFINITE_RECURSION = YES;
				CLANG_WARN_INT_CONVERSION = YES;
				CLANG_WARN_NON_LITERAL_NULL_CONVERSION = YES;
				CLANG_WARN_OBJC_IMPLICIT_RETAIN_SELF = YES;
				CLANG_WARN_OBJC_LITERAL_CONVERSION = YES;
				CLANG_WARN_OBJC_ROOT_CLASS = YES_ERROR;
				CLANG_WARN_QUOTED_INCLUDE_IN_FRAMEWORK_HEADER = YES;
				CLANG_WARN_RANGE_LOOP_ANALYSIS = YES;
				CLANG_WARN_STRICT_PROTOTYPES = YES;
				CLANG_WARN_SUSPICIOUS_MOVE = YES;
				CLANG_WARN_UNGUARDED_AVAILABILITY = YES_AGGRESSIVE;
				CLANG_WARN_UNREACHABLE_CODE = YES;
				CLANG_WARN__DUPLICATE_METHOD_MATCH = YES;
				COPY_PHASE_STRIP = NO;
				DEBUG_INFORMATION_FORMAT = dwarf;
				ENABLE_STRICT_OBJC_MSGSEND = YES;
				ENABLE_TESTABILITY = YES;
				GCC_C_LANGUAGE_STANDARD = gnu11;
				GCC_DYNAMIC_NO_PIC = NO;
				GCC_NO_COMMON_BLOCKS = YES;
				GCC_OPTIMIZATION_LEVEL = 0;
				GCC_PREPROCESSOR_DEFINITIONS = (
					"DEBUG=1",
					"$(inherited)",
				);
				GCC_WARN_64_TO_32_BIT_CONVERSION = YES;
				GCC_WARN_ABOUT_RETURN_TYPE = YES_ERROR;
				GCC_WARN_UNDECLARED_SELECTOR = YES;
				GCC_WARN_UNINITIALIZED_AUTOS = YES_AGGRESSIVE;
				GCC_WARN_UNUSED_FUNCTION = YES;
				GCC_WARN_UNUSED_VARIABLE = YES;
				IPHONEOS_DEPLOYMENT_TARGET = 15.4;
				MTL_ENABLE_DEBUG_INFO = INCLUDE_SOURCE;
				MTL_FAST_MATH = YES;
				ONLY_ACTIVE_ARCH = YES;
				SDKROOT = iphoneos;
				SWIFT_ACTIVE_COMPILATION_CONDITIONS = DEBUG;
				SWIFT_OPTIMIZATION_LEVEL = "-Onone";
			};
			name = Debug;
		};
		68F9898127FEFD3700417E98 /* Release */ = {
			isa = XCBuildConfiguration;
			buildSettings = {
				ALWAYS_SEARCH_USER_PATHS = NO;
				CLANG_ANALYZER_NONNULL = YES;
				CLANG_ANALYZER_NUMBER_OBJECT_CONVERSION = YES_AGGRESSIVE;
				CLANG_CXX_LANGUAGE_STANDARD = "gnu++17";
				CLANG_ENABLE_MODULES = YES;
				CLANG_ENABLE_OBJC_ARC = YES;
				CLANG_ENABLE_OBJC_WEAK = YES;
				CLANG_WARN_BLOCK_CAPTURE_AUTORELEASING = YES;
				CLANG_WARN_BOOL_CONVERSION = YES;
				CLANG_WARN_COMMA = YES;
				CLANG_WARN_CONSTANT_CONVERSION = YES;
				CLANG_WARN_DEPRECATED_OBJC_IMPLEMENTATIONS = YES;
				CLANG_WARN_DIRECT_OBJC_ISA_USAGE = YES_ERROR;
				CLANG_WARN_DOCUMENTATION_COMMENTS = YES;
				CLANG_WARN_EMPTY_BODY = YES;
				CLANG_WARN_ENUM_CONVERSION = YES;
				CLANG_WARN_INFINITE_RECURSION = YES;
				CLANG_WARN_INT_CONVERSION = YES;
				CLANG_WARN_NON_LITERAL_NULL_CONVERSION = YES;
				CLANG_WARN_OBJC_IMPLICIT_RETAIN_SELF = YES;
				CLANG_WARN_OBJC_LITERAL_CONVERSION = YES;
				CLANG_WARN_OBJC_ROOT_CLASS = YES_ERROR;
				CLANG_WARN_QUOTED_INCLUDE_IN_FRAMEWORK_HEADER = YES;
				CLANG_WARN_RANGE_LOOP_ANALYSIS = YES;
				CLANG_WARN_STRICT_PROTOTYPES = YES;
				CLANG_WARN_SUSPICIOUS_MOVE = YES;
				CLANG_WARN_UNGUARDED_AVAILABILITY = YES_AGGRESSIVE;
				CLANG_WARN_UNREACHABLE_CODE = YES;
				CLANG_WARN__DUPLICATE_METHOD_MATCH = YES;
				COPY_PHASE_STRIP = NO;
				DEBUG_INFORMATION_FORMAT = "dwarf-with-dsym";
				ENABLE_NS_ASSERTIONS = NO;
				ENABLE_STRICT_OBJC_MSGSEND = YES;
				GCC_C_LANGUAGE_STANDARD = gnu11;
				GCC_NO_COMMON_BLOCKS = YES;
				GCC_WARN_64_TO_32_BIT_CONVERSION = YES;
				GCC_WARN_ABOUT_RETURN_TYPE = YES_ERROR;
				GCC_WARN_UNDECLARED_SELECTOR = YES;
				GCC_WARN_UNINITIALIZED_AUTOS = YES_AGGRESSIVE;
				GCC_WARN_UNUSED_FUNCTION = YES;
				GCC_WARN_UNUSED_VARIABLE = YES;
				IPHONEOS_DEPLOYMENT_TARGET = 15.4;
				MTL_ENABLE_DEBUG_INFO = NO;
				MTL_FAST_MATH = YES;
				SDKROOT = iphoneos;
				SWIFT_COMPILATION_MODE = wholemodule;
				SWIFT_OPTIMIZATION_LEVEL = "-O";
				VALIDATE_PRODUCT = YES;
			};
			name = Release;
		};
		68F9898327FEFD3700417E98 /* Debug */ = {
			isa = XCBuildConfiguration;
			baseConfigurationReference = 02D54A855A28883A98A2F4EC /* Pods-Messanger.debug.xcconfig */;
			buildSettings = {
				ASSETCATALOG_COMPILER_APPICON_NAME = AppIcon;
				ASSETCATALOG_COMPILER_GLOBAL_ACCENT_COLOR_NAME = AccentColor;
				CODE_SIGN_STYLE = Automatic;
				CURRENT_PROJECT_VERSION = 1;
				DEVELOPMENT_TEAM = JW9TG57MWT;
				GENERATE_INFOPLIST_FILE = YES;
				INFOPLIST_FILE = Messanger/Info.plist;
				INFOPLIST_KEY_NSCameraUsageDescription = "Please allow access to take a profile picture.";
				INFOPLIST_KEY_NSPhotoLibraryAddUsageDescription = "Please allow access to select a photo for your profile.";
				INFOPLIST_KEY_UIApplicationSupportsIndirectInputEvents = YES;
				INFOPLIST_KEY_UILaunchStoryboardName = LaunchScreen;
				INFOPLIST_KEY_UIMainStoryboardFile = Main;
				INFOPLIST_KEY_UISupportedInterfaceOrientations = UIInterfaceOrientationPortrait;
				INFOPLIST_KEY_UISupportedInterfaceOrientations_iPad = "UIInterfaceOrientationPortrait UIInterfaceOrientationPortraitUpsideDown";
				INFOPLIST_KEY_UISupportedInterfaceOrientations_iPhone = "UIInterfaceOrientationPortrait UIInterfaceOrientationLandscapeLeft UIInterfaceOrientationLandscapeRight";
				LD_RUNPATH_SEARCH_PATHS = (
					"$(inherited)",
					"@executable_path/Frameworks",
				);
				MARKETING_VERSION = 1.0;
				PRODUCT_BUNDLE_IDENTIFIER = tokyo.onlyus.Messanger;
				PRODUCT_NAME = "$(TARGET_NAME)";
				SWIFT_EMIT_LOC_STRINGS = YES;
				SWIFT_VERSION = 5.0;
				TARGETED_DEVICE_FAMILY = "1,2";
			};
			name = Debug;
		};
		68F9898427FEFD3700417E98 /* Release */ = {
			isa = XCBuildConfiguration;
			baseConfigurationReference = FBED21471598AB212CA0F628 /* Pods-Messanger.release.xcconfig */;
			buildSettings = {
				ASSETCATALOG_COMPILER_APPICON_NAME = AppIcon;
				ASSETCATALOG_COMPILER_GLOBAL_ACCENT_COLOR_NAME = AccentColor;
				CODE_SIGN_STYLE = Automatic;
				CURRENT_PROJECT_VERSION = 1;
				DEVELOPMENT_TEAM = JW9TG57MWT;
				GENERATE_INFOPLIST_FILE = YES;
				INFOPLIST_FILE = Messanger/Info.plist;
				INFOPLIST_KEY_NSCameraUsageDescription = "Please allow access to take a profile picture.";
				INFOPLIST_KEY_NSPhotoLibraryAddUsageDescription = "Please allow access to select a photo for your profile.";
				INFOPLIST_KEY_UIApplicationSupportsIndirectInputEvents = YES;
				INFOPLIST_KEY_UILaunchStoryboardName = LaunchScreen;
				INFOPLIST_KEY_UIMainStoryboardFile = Main;
				INFOPLIST_KEY_UISupportedInterfaceOrientations = UIInterfaceOrientationPortrait;
				INFOPLIST_KEY_UISupportedInterfaceOrientations_iPad = "UIInterfaceOrientationPortrait UIInterfaceOrientationPortraitUpsideDown";
				INFOPLIST_KEY_UISupportedInterfaceOrientations_iPhone = "UIInterfaceOrientationPortrait UIInterfaceOrientationLandscapeLeft UIInterfaceOrientationLandscapeRight";
				LD_RUNPATH_SEARCH_PATHS = (
					"$(inherited)",
					"@executable_path/Frameworks",
				);
				MARKETING_VERSION = 1.0;
				PRODUCT_BUNDLE_IDENTIFIER = tokyo.onlyus.Messanger;
				PRODUCT_NAME = "$(TARGET_NAME)";
				SWIFT_EMIT_LOC_STRINGS = YES;
				SWIFT_VERSION = 5.0;
				TARGETED_DEVICE_FAMILY = "1,2";
			};
			name = Release;
		};
/* End XCBuildConfiguration section */

/* Begin XCConfigurationList section */
		68F9896927FEFD3400417E98 /* Build configuration list for PBXProject "Messanger" */ = {
			isa = XCConfigurationList;
			buildConfigurations = (
				68F9898027FEFD3700417E98 /* Debug */,
				68F9898127FEFD3700417E98 /* Release */,
			);
			defaultConfigurationIsVisible = 0;
			defaultConfigurationName = Release;
		};
		68F9898227FEFD3700417E98 /* Build configuration list for PBXNativeTarget "Messanger" */ = {
			isa = XCConfigurationList;
			buildConfigurations = (
				68F9898327FEFD3700417E98 /* Debug */,
				68F9898427FEFD3700417E98 /* Release */,
			);
			defaultConfigurationIsVisible = 0;
			defaultConfigurationName = Release;
		};
/* End XCConfigurationList section */
	};
	rootObject = 68F9896627FEFD3400417E98 /* Project object */;
}
